
Microsoft Visual Studio Solution File, Format Version 12.00
# Visual Studio Version 17
VisualStudioVersion = 17.11.35312.102
MinimumVisualStudioVersion = 10.0.40219.1
Project("{FAE04EC0-301F-11D3-BF4B-00C04F79EFBC}") = "LibraryManagementSystem_Task2", "LibraryManagementSystem_Task2.csproj", "{88B71F3F-2A9A-4504-94E0-054E0E55E99D}"
EndProject
Global
	GlobalSection(SolutionConfigurationPlatforms) = preSolution
		Debug|Any CPU = Debug|Any CPU
		Release|Any CPU = Release|Any CPU
	EndGlobalSection
	GlobalSection(ProjectConfigurationPlatforms) = postSolution
		{88B71F3F-2A9A-4504-94E0-054E0E55E99D}.Debug|Any CPU.ActiveCfg = Debug|Any CPU
		{88B71F3F-2A9A-4504-94E0-054E0E55E99D}.Debug|Any CPU.Build.0 = Debug|Any CPU
		{88B71F3F-2A9A-4504-94E0-054E0E55E99D}.Release|Any CPU.ActiveCfg = Release|Any CPU
		{88B71F3F-2A9A-4504-94E0-054E0E55E99D}.Release|Any CPU.Build.0 = Release|Any CPU
	EndGlobalSection
	GlobalSection(SolutionProperties) = preSolution
		HideSolutionNode = FALSE
	EndGlobalSection
	GlobalSection(ExtensibilityGlobals) = postSolution
		SolutionGuid = {837C3CEB-FF4D-4FC1-BAA4-3E0FC946B0AD}
	EndGlobalSection
EndGlobal
